
Microsoft Visual Studio Solution File, Format Version 12.00
# Visual Studio Version 17
VisualStudioVersion = 17.4.33213.308
MinimumVisualStudioVersion = 10.0.40219.1
Project("{FAE04EC0-301F-11D3-BF4B-00C04F79EFBC}") = "emarketo", "emarketo\emarketo.csproj", "{62844C98-DBA4-468B-A78F-AACED5D82512}"
EndProject
Global
	GlobalSection(SolutionConfigurationPlatforms) = preSolution
		Debug|Any CPU = Debug|Any CPU
		Release|Any CPU = Release|Any CPU
	EndGlobalSection
	GlobalSection(ProjectConfigurationPlatforms) = postSolution
		{62844C98-DBA4-468B-A78F-AACED5D82512}.Debug|Any CPU.ActiveCfg = Debug|Any CPU
		{62844C98-DBA4-468B-A78F-AACED5D82512}.Debug|Any CPU.Build.0 = Debug|Any CPU
		{62844C98-DBA4-468B-A78F-AACED5D82512}.Release|Any CPU.ActiveCfg = Release|Any CPU
		{62844C98-DBA4-468B-A78F-AACED5D82512}.Release|Any CPU.Build.0 = Release|Any CPU
	EndGlobalSection
	GlobalSection(SolutionProperties) = preSolution
		HideSolutionNode = FALSE
	EndGlobalSection
	GlobalSection(ExtensibilityGlobals) = postSolution
		SolutionGuid = {29731BBD-7834-42BD-971F-9E43F4A311FC}
	EndGlobalSection
EndGlobal
